
Microsoft Visual Studio Solution File, Format Version 12.00
# Visual Studio Version 16
VisualStudioVersion = 16.0.30611.23
MinimumVisualStudioVersion = 10.0.40219.1
Project("{FAE04EC0-301F-11D3-BF4B-00C04F79EFBC}") = "WildflowerCoffeeGifts", "WildflowerCoffeeGifts\WildflowerCoffeeGifts.csproj", "{22895879-DFFE-4285-AD76-1A6BC41EC330}"
EndProject
Global
	GlobalSection(SolutionConfigurationPlatforms) = preSolution
		Debug|Any CPU = Debug|Any CPU
		Release|Any CPU = Release|Any CPU
	EndGlobalSection
	GlobalSection(ProjectConfigurationPlatforms) = postSolution
		{22895879-DFFE-4285-AD76-1A6BC41EC330}.Debug|Any CPU.ActiveCfg = Debug|Any CPU
		{22895879-DFFE-4285-AD76-1A6BC41EC330}.Debug|Any CPU.Build.0 = Debug|Any CPU
		{22895879-DFFE-4285-AD76-1A6BC41EC330}.Release|Any CPU.ActiveCfg = Release|Any CPU
		{22895879-DFFE-4285-AD76-1A6BC41EC330}.Release|Any CPU.Build.0 = Release|Any CPU
	EndGlobalSection
	GlobalSection(SolutionProperties) = preSolution
		HideSolutionNode = FALSE
	EndGlobalSection
	GlobalSection(ExtensibilityGlobals) = postSolution
		SolutionGuid = {737EB437-4022-431B-ABF8-5E32ACF832E6}
	EndGlobalSection
EndGlobal
